
Microsoft Visual Studio Solution File, Format Version 12.00
# Visual Studio Version 16
VisualStudioVersion = 16.0.31019.35
MinimumVisualStudioVersion = 10.0.40219.1
Project("{FAE04EC0-301F-11D3-BF4B-00C04F79EFBC}") = "mvc", "mvc_pdf\mvc.csproj", "{668A5CAC-D8A5-4A71-8A23-6A1CABDDF2AB}"
EndProject
Global
	GlobalSection(SolutionConfigurationPlatforms) = preSolution
		Debug|Any CPU = Debug|Any CPU
		Release|Any CPU = Release|Any CPU
	EndGlobalSection
	GlobalSection(ProjectConfigurationPlatforms) = postSolution
		{668A5CAC-D8A5-4A71-8A23-6A1CABDDF2AB}.Debug|Any CPU.ActiveCfg = Debug|Any CPU
		{668A5CAC-D8A5-4A71-8A23-6A1CABDDF2AB}.Debug|Any CPU.Build.0 = Debug|Any CPU
		{668A5CAC-D8A5-4A71-8A23-6A1CABDDF2AB}.Release|Any CPU.ActiveCfg = Release|Any CPU
		{668A5CAC-D8A5-4A71-8A23-6A1CABDDF2AB}.Release|Any CPU.Build.0 = Release|Any CPU
	EndGlobalSection
	GlobalSection(SolutionProperties) = preSolution
		HideSolutionNode = FALSE
	EndGlobalSection
	GlobalSection(ExtensibilityGlobals) = postSolution
		SolutionGuid = {283C0080-CEF6-4323-B495-9415C90997C4}
	EndGlobalSection
EndGlobal
